
Microsoft Visual Studio Solution File, Format Version 12.00
# Visual Studio Version 16
VisualStudioVersion = 16.0.29709.97
MinimumVisualStudioVersion = 10.0.40219.1
Project("{FAE04EC0-301F-11D3-BF4B-00C04F79EFBC}") = "SimpleApplication", "SimpleApplication\SimpleApplication.csproj", "{02B75A66-0979-4033-901F-7435906A7FC0}"
EndProject
Global
	GlobalSection(SolutionConfigurationPlatforms) = preSolution
		Debug|Any CPU = Debug|Any CPU
		Release|Any CPU = Release|Any CPU
	EndGlobalSection
	GlobalSection(ProjectConfigurationPlatforms) = postSolution
		{02B75A66-0979-4033-901F-7435906A7FC0}.Debug|Any CPU.ActiveCfg = Debug|Any CPU
		{02B75A66-0979-4033-901F-7435906A7FC0}.Debug|Any CPU.Build.0 = Debug|Any CPU
		{02B75A66-0979-4033-901F-7435906A7FC0}.Release|Any CPU.ActiveCfg = Release|Any CPU
		{02B75A66-0979-4033-901F-7435906A7FC0}.Release|Any CPU.Build.0 = Release|Any CPU
	EndGlobalSection
	GlobalSection(SolutionProperties) = preSolution
		HideSolutionNode = FALSE
	EndGlobalSection
	GlobalSection(ExtensibilityGlobals) = postSolution
		SolutionGuid = {89A7866A-B030-49EC-8487-E8258C0D0586}
	EndGlobalSection
EndGlobal
